github.com/moba1/dotsetup/v2 v2.0.1 h1:cl/7lcsw7LzWmY1t4kEDdYAgN1RANcAC0TDTyroTjGA=
github.com/moba1/dotsetup/v2 v2.0.1/go.mod h1:z3nSpbM5y4BkuZAVCXW9msX/rL/4aLAtaTroKM051rU=
github.com/moba1/dotsetup/v2 v2.1.0 h1:7GCR2L6b2mxe74F57fuuwx+UeKYcZrc2deN9+C0Z8qM=
github.com/moba1/dotsetup/v2 v2.1.0/go.mod h1:z3nSpbM5y4BkuZAVCXW9msX/rL/4aLAtaTroKM051rU=
