github.com/moba1/dotsetup v0.0.1 h1:n2HgRsiWLXi6NDOtkk+qv5qQtUQP+5RWxh+sr5VDGZU=
github.com/moba1/dotsetup v0.0.1/go.mod h1:ZlMwozSoNkJ9BYL1JJKE+i8kK7bLJTWx4FR5bLuPhRY=
github.com/moba1/dotsetup v0.0.4 h1:44WyEMK9IJvdGL0yBXGAh5gDl0DsGCFvmznV8JfDFWU=
github.com/moba1/dotsetup v0.0.4/go.mod h1:ZlMwozSoNkJ9BYL1JJKE+i8kK7bLJTWx4FR5bLuPhRY=
github.com/moba1/dotsetup v0.0.5 h1:0PXChXBUOVlcEzNXCTuE3NNzWHjpR1IblFX2iSY/PmQ=
github.com/moba1/dotsetup v0.0.5/go.mod h1:ZlMwozSoNkJ9BYL1JJKE+i8kK7bLJTWx4FR5bLuPhRY=
github.com/moba1/dotsetup v0.0.6 h1:X48GaBbN6YytmbHGz2wuTMYXpMsaIwT9jG6gTv+/wf0=
github.com/moba1/dotsetup v0.0.6/go.mod h1:ZlMwozSoNkJ9BYL1JJKE+i8kK7bLJTWx4FR5bLuPhRY=
github.com/moba1/dotsetup v1.1.0 h1:tKVDBdhtG1yQQQqeNxVNGMqu+JX37uqCM5ipqa41zSA=
github.com/moba1/dotsetup v1.1.0/go.mod h1:ZlMwozSoNkJ9BYL1JJKE+i8kK7bLJTWx4FR5bLuPhRY=
